// !$*UTF8*$!
{
	archiveVersion = 1;
	classes = {
	};
	objectVersion = 77;
	objects = {

/* Begin PBXBuildFile section */
		6344F4FF2EB9502300948552 /* KeyPress.swift in Sources */ = {isa = PBXBuildFile; fileRef = 6344F4FE2EB9500D00948552 /* KeyPress.swift */; };
		63B9B4152EA58ED2008483FB /* FilterOptionsView.swift in Sources */ = {isa = PBXBuildFile; fileRef = 63B9B3F72EA58ED2008483FB /* FilterOptionsView.swift */; };
		63B9B4162EA58ED2008483FB /* GameTile.swift in Sources */ = {isa = PBXBuildFile; fileRef = 63B9B3F82EA58ED2008483FB /* GameTile.swift */; };
		63B9B4172EA58ED2008483FB /* NotificationManager.swift in Sources */ = {isa = PBXBuildFile; fileRef = 63B9B40E2EA58ED2008483FB /* NotificationManager.swift */; };
		63B9B4182EA58ED2008483FB /* GameRecordView.swift in Sources */ = {isa = PBXBuildFile; fileRef = 63B9B3F22EA58ED2008483FB /* GameRecordView.swift */; };
		63B9B4192EA58ED2008483FB /* SpanishWordDefinitionView.swift in Sources */ = {isa = PBXBuildFile; fileRef = 63B9B3ED2EA58ED2008483FB /* SpanishWordDefinitionView.swift */; };
		63B9B41A2EA58ED2008483FB /* NotificationView.swift in Sources */ = {isa = PBXBuildFile; fileRef = 63B9B4012EA58ED2008483FB /* NotificationView.swift */; };
		63B9B41B2EA58ED2008483FB /* BoardView.swift in Sources */ = {isa = PBXBuildFile; fileRef = 63B9B3F02EA58ED2008483FB /* BoardView.swift */; };
		63B9B41C2EA58ED2008483FB /* GameView26.swift in Sources */ = {isa = PBXBuildFile; fileRef = 63B9B3FB2EA58ED2008483FB /* GameView26.swift */; };
		63B9B41D2EA58ED2008483FB /* WordDefinitionView.swift in Sources */ = {isa = PBXBuildFile; fileRef = 63B9B3EE2EA58ED2008483FB /* WordDefinitionView.swift */; };
		63B9B41E2EA58ED2008483FB /* ReviewManager.swift in Sources */ = {isa = PBXBuildFile; fileRef = 63B9B4102EA58ED2008483FB /* ReviewManager.swift */; };
		63B9B41F2EA58ED2008483FB /* GameRecordManager.swift in Sources */ = {isa = PBXBuildFile; fileRef = 63B9B40B2EA58ED2008483FB /* GameRecordManager.swift */; };
		63B9B4202EA58ED2008483FB /* NorwegianWordDefinitionView.swift in Sources */ = {isa = PBXBuildFile; fileRef = 63B9B3EC2EA58ED2008483FB /* NorwegianWordDefinitionView.swift */; };
		63B9B4212EA58ED2008483FB /* EnglishWordDefinitionView.swift in Sources */ = {isa = PBXBuildFile; fileRef = 63B9B3EA2EA58ED2008483FB /* EnglishWordDefinitionView.swift */; };
		63B9B4222EA58ED2008483FB /* SettingsView.swift in Sources */ = {isa = PBXBuildFile; fileRef = 63B9B4022EA58ED2008483FB /* SettingsView.swift */; };
		63B9B4232EA58ED2008483FB /* SearchView.swift in Sources */ = {isa = PBXBuildFile; fileRef = 63B9B3FE2EA58ED2008483FB /* SearchView.swift */; };
		63B9B4242EA58ED2008483FB /* WordleApp.swift in Sources */ = {isa = PBXBuildFile; fileRef = 63B9B4062EA58ED2008483FB /* WordleApp.swift */; };
		63B9B4252EA58ED2008483FB /* GameView18.swift in Sources */ = {isa = PBXBuildFile; fileRef = 63B9B3FA2EA58ED2008483FB /* GameView18.swift */; };
		63B9B4262EA58ED2008483FB /* DefinitionManager.swift in Sources */ = {isa = PBXBuildFile; fileRef = 63B9B40A2EA58ED2008483FB /* DefinitionManager.swift */; };
		63B9B4272EA58ED2008483FB /* NAOBView.swift in Sources */ = {isa = PBXBuildFile; fileRef = 63B9B3EB2EA58ED2008483FB /* NAOBView.swift */; };
		63B9B4282EA58ED2008483FB /* GameView.swift in Sources */ = {isa = PBXBuildFile; fileRef = 63B9B3F92EA58ED2008483FB /* GameView.swift */; };
		63B9B4292EA58ED2008483FB /* AppManager.swift in Sources */ = {isa = PBXBuildFile; fileRef = 63B9B4082EA58ED2008483FB /* AppManager.swift */; };
		63B9B42A2EA58ED2008483FB /* NormalStreakManager.swift in Sources */ = {isa = PBXBuildFile; fileRef = 63B9B40D2EA58ED2008483FB /* NormalStreakManager.swift */; };
		63B9B42B2EA58ED2008483FB /* AppObjects.swift in Sources */ = {isa = PBXBuildFile; fileRef = 63B9B4092EA58ED2008483FB /* AppObjects.swift */; };
		63B9B42C2EA58ED2008483FB /* TabsView.swift in Sources */ = {isa = PBXBuildFile; fileRef = 63B9B4052EA58ED2008483FB /* TabsView.swift */; };
		63B9B42D2EA58ED2008483FB /* StatsView.swift in Sources */ = {isa = PBXBuildFile; fileRef = 63B9B3F42EA58ED2008483FB /* StatsView.swift */; };
		63B9B42E2EA58ED2008483FB /* SelectView.swift in Sources */ = {isa = PBXBuildFile; fileRef = 63B9B3FF2EA58ED2008483FB /* SelectView.swift */; };
		63B9B42F2EA58ED2008483FB /* HistoryView.swift in Sources */ = {isa = PBXBuildFile; fileRef = 63B9B3F32EA58ED2008483FB /* HistoryView.swift */; };
		63B9B4302EA58ED2008483FB /* StreakManager.swift in Sources */ = {isa = PBXBuildFile; fileRef = 63B9B4112EA58ED2008483FB /* StreakManager.swift */; };
		63B9B4312EA58ED2008483FB /* FilterView.swift in Sources */ = {isa = PBXBuildFile; fileRef = 63B9B3F12EA58ED2008483FB /* FilterView.swift */; };
		63B9B4322EA58ED2008483FB /* Info.swift in Sources */ = {isa = PBXBuildFile; fileRef = 63B9B3FC2EA58ED2008483FB /* Info.swift */; };
		63B9B4332EA58ED2008483FB /* Tips.swift in Sources */ = {isa = PBXBuildFile; fileRef = 63B9B4122EA58ED2008483FB /* Tips.swift */; };
		63B9B4342EA58ED2008483FB /* OnboardingView.swift in Sources */ = {isa = PBXBuildFile; fileRef = 63B9B3FD2EA58ED2008483FB /* OnboardingView.swift */; };
		63B9B4352EA58ED2008483FB /* StreakChartView.swift in Sources */ = {isa = PBXBuildFile; fileRef = 63B9B3F52EA58ED2008483FB /* StreakChartView.swift */; };
		63B9B4362EA58ED2008483FB /* dailyNorwegianWords.json in Resources */ = {isa = PBXBuildFile; fileRef = 63B9B3E12EA58ED2008483FB /* dailyNorwegianWords.json */; };
		63B9B4372EA58ED2008483FB /* Preview Assets.xcassets in Resources */ = {isa = PBXBuildFile; fileRef = 63B9B3DD2EA58ED2008483FB /* Preview Assets.xcassets */; };
		63B9B4382EA58ED2008483FB /* norwegianWords.json in Resources */ = {isa = PBXBuildFile; fileRef = 63B9B3E52EA58ED2008483FB /* norwegianWords.json */; };
		63B9B4392EA58ED2008483FB /* spanishWords.json in Resources */ = {isa = PBXBuildFile; fileRef = 63B9B3E72EA58ED2008483FB /* spanishWords.json */; };
		63B9B43A2EA58ED2008483FB /* englishWords.json in Resources */ = {isa = PBXBuildFile; fileRef = 63B9B3E32EA58ED2008483FB /* englishWords.json */; };
		63B9B43B2EA58ED2008483FB /* dailySpanishWords.json in Resources */ = {isa = PBXBuildFile; fileRef = 63B9B3E22EA58ED2008483FB /* dailySpanishWords.json */; };
		63B9B43C2EA58ED2008483FB /* Assets.xcassets in Resources */ = {isa = PBXBuildFile; fileRef = 63B9B3DF2EA58ED2008483FB /* Assets.xcassets */; };
		63B9B43F2EA58ED2008483FB /* PrivacyInfo.xcprivacy in Resources */ = {isa = PBXBuildFile; fileRef = 63B9B40F2EA58ED2008483FB /* PrivacyInfo.xcprivacy */; };
		63B9B4402EA58ED2008483FB /* dailyEnglishWords.json in Resources */ = {isa = PBXBuildFile; fileRef = 63B9B3E02EA58ED2008483FB /* dailyEnglishWords.json */; };
		63B9B4412EA58ED2008483FB /* Localizable.xcstrings in Resources */ = {isa = PBXBuildFile; fileRef = 63B9B3E42EA58ED2008483FB /* Localizable.xcstrings */; };
		63B9B4422EA58ED2008483FB /* shortedNorwegainWords.json in Resources */ = {isa = PBXBuildFile; fileRef = 63B9B3E62EA58ED2008483FB /* shortedNorwegainWords.json */; };
		63F225952E53B24100248D30 /* GoogleUserMessagingPlatform in Frameworks */ = {isa = PBXBuildFile; productRef = 63F225942E53B24100248D30 /* GoogleUserMessagingPlatform */; };
		63F697CB2E05A328008B0B6E /* GoogleMobileAds in Frameworks */ = {isa = PBXBuildFile; productRef = 63F697CA2E05A328008B0B6E /* GoogleMobileAds */; };
/* End PBXBuildFile section */

/* Begin PBXFileReference section */
		6344F4FE2EB9500D00948552 /* KeyPress.swift */ = {isa = PBXFileReference; lastKnownFileType = sourcecode.swift; path = KeyPress.swift; sourceTree = "<group>"; };
		6382E3BC2D12FE0500B61353 /* Wordly.app */ = {isa = PBXFileReference; explicitFileType = wrapper.application; includeInIndex = 0; path = Wordly.app; sourceTree = BUILT_PRODUCTS_DIR; };
		63B0C6502E056A710047E4E9 /* WebKit.framework */ = {isa = PBXFileReference; lastKnownFileType = wrapper.framework; name = WebKit.framework; path = Platforms/iPhoneOS.platform/Developer/SDKs/iPhoneOS26.0.sdk/System/Library/Frameworks/WebKit.framework; sourceTree = DEVELOPER_DIR; };
		63B9B3DD2EA58ED2008483FB /* Preview Assets.xcassets */ = {isa = PBXFileReference; lastKnownFileType = folder.assetcatalog; path = "Preview Assets.xcassets"; sourceTree = "<group>"; };
		63B9B3DF2EA58ED2008483FB /* Assets.xcassets */ = {isa = PBXFileReference; lastKnownFileType = folder.assetcatalog; path = Assets.xcassets; sourceTree = "<group>"; };
		63B9B3E02EA58ED2008483FB /* dailyEnglishWords.json */ = {isa = PBXFileReference; lastKnownFileType = text.json; path = dailyEnglishWords.json; sourceTree = "<group>"; };
		63B9B3E12EA58ED2008483FB /* dailyNorwegianWords.json */ = {isa = PBXFileReference; lastKnownFileType = text.json; path = dailyNorwegianWords.json; sourceTree = "<group>"; };
		63B9B3E22EA58ED2008483FB /* dailySpanishWords.json */ = {isa = PBXFileReference; lastKnownFileType = text.json; path = dailySpanishWords.json; sourceTree = "<group>"; };
		63B9B3E32EA58ED2008483FB /* englishWords.json */ = {isa = PBXFileReference; lastKnownFileType = text.json; path = englishWords.json; sourceTree = "<group>"; };
		63B9B3E42EA58ED2008483FB /* Localizable.xcstrings */ = {isa = PBXFileReference; lastKnownFileType = text.json.xcstrings; path = Localizable.xcstrings; sourceTree = "<group>"; };
		63B9B3E52EA58ED2008483FB /* norwegianWords.json */ = {isa = PBXFileReference; lastKnownFileType = text.json; path = norwegianWords.json; sourceTree = "<group>"; };
		63B9B3E62EA58ED2008483FB /* shortedNorwegainWords.json */ = {isa = PBXFileReference; lastKnownFileType = text.json; path = shortedNorwegainWords.json; sourceTree = "<group>"; };
		63B9B3E72EA58ED2008483FB /* spanishWords.json */ = {isa = PBXFileReference; lastKnownFileType = text.json; path = spanishWords.json; sourceTree = "<group>"; };
		63B9B3EA2EA58ED2008483FB /* EnglishWordDefinitionView.swift */ = {isa = PBXFileReference; lastKnownFileType = sourcecode.swift; path = EnglishWordDefinitionView.swift; sourceTree = "<group>"; };
		63B9B3EB2EA58ED2008483FB /* NAOBView.swift */ = {isa = PBXFileReference; lastKnownFileType = sourcecode.swift; path = NAOBView.swift; sourceTree = "<group>"; };
		63B9B3EC2EA58ED2008483FB /* NorwegianWordDefinitionView.swift */ = {isa = PBXFileReference; lastKnownFileType = sourcecode.swift; path = NorwegianWordDefinitionView.swift; sourceTree = "<group>"; };
		63B9B3ED2EA58ED2008483FB /* SpanishWordDefinitionView.swift */ = {isa = PBXFileReference; lastKnownFileType = sourcecode.swift; path = SpanishWordDefinitionView.swift; sourceTree = "<group>"; };
		63B9B3EE2EA58ED2008483FB /* WordDefinitionView.swift */ = {isa = PBXFileReference; lastKnownFileType = sourcecode.swift; path = WordDefinitionView.swift; sourceTree = "<group>"; };
		63B9B3F02EA58ED2008483FB /* BoardView.swift */ = {isa = PBXFileReference; lastKnownFileType = sourcecode.swift; path = BoardView.swift; sourceTree = "<group>"; };
		63B9B3F12EA58ED2008483FB /* FilterView.swift */ = {isa = PBXFileReference; lastKnownFileType = sourcecode.swift; path = FilterView.swift; sourceTree = "<group>"; };
		63B9B3F22EA58ED2008483FB /* GameRecordView.swift */ = {isa = PBXFileReference; lastKnownFileType = sourcecode.swift; path = GameRecordView.swift; sourceTree = "<group>"; };
		63B9B3F32EA58ED2008483FB /* HistoryView.swift */ = {isa = PBXFileReference; lastKnownFileType = sourcecode.swift; path = HistoryView.swift; sourceTree = "<group>"; };
		63B9B3F42EA58ED2008483FB /* StatsView.swift */ = {isa = PBXFileReference; lastKnownFileType = sourcecode.swift; path = StatsView.swift; sourceTree = "<group>"; };
		63B9B3F52EA58ED2008483FB /* StreakChartView.swift */ = {isa = PBXFileReference; lastKnownFileType = sourcecode.swift; path = StreakChartView.swift; sourceTree = "<group>"; };
		63B9B3F72EA58ED2008483FB /* FilterOptionsView.swift */ = {isa = PBXFileReference; lastKnownFileType = sourcecode.swift; path = FilterOptionsView.swift; sourceTree = "<group>"; };
		63B9B3F82EA58ED2008483FB /* GameTile.swift */ = {isa = PBXFileReference; lastKnownFileType = sourcecode.swift; path = GameTile.swift; sourceTree = "<group>"; };
		63B9B3F92EA58ED2008483FB /* GameView.swift */ = {isa = PBXFileReference; lastKnownFileType = sourcecode.swift; path = GameView.swift; sourceTree = "<group>"; };
		63B9B3FA2EA58ED2008483FB /* GameView18.swift */ = {isa = PBXFileReference; lastKnownFileType = sourcecode.swift; path = GameView18.swift; sourceTree = "<group>"; };
		63B9B3FB2EA58ED2008483FB /* GameView26.swift */ = {isa = PBXFileReference; lastKnownFileType = sourcecode.swift; path = GameView26.swift; sourceTree = "<group>"; };
		63B9B3FC2EA58ED2008483FB /* Info.swift */ = {isa = PBXFileReference; lastKnownFileType = sourcecode.swift; path = Info.swift; sourceTree = "<group>"; };
		63B9B3FD2EA58ED2008483FB /* OnboardingView.swift */ = {isa = PBXFileReference; lastKnownFileType = sourcecode.swift; path = OnboardingView.swift; sourceTree = "<group>"; };
		63B9B3FE2EA58ED2008483FB /* SearchView.swift */ = {isa = PBXFileReference; lastKnownFileType = sourcecode.swift; path = SearchView.swift; sourceTree = "<group>"; };
		63B9B3FF2EA58ED2008483FB /* SelectView.swift */ = {isa = PBXFileReference; lastKnownFileType = sourcecode.swift; path = SelectView.swift; sourceTree = "<group>"; };
		63B9B4012EA58ED2008483FB /* NotificationView.swift */ = {isa = PBXFileReference; lastKnownFileType = sourcecode.swift; path = NotificationView.swift; sourceTree = "<group>"; };
		63B9B4022EA58ED2008483FB /* SettingsView.swift */ = {isa = PBXFileReference; lastKnownFileType = sourcecode.swift; path = SettingsView.swift; sourceTree = "<group>"; };
		63B9B4052EA58ED2008483FB /* TabsView.swift */ = {isa = PBXFileReference; lastKnownFileType = sourcecode.swift; path = TabsView.swift; sourceTree = "<group>"; };
		63B9B4062EA58ED2008483FB /* WordleApp.swift */ = {isa = PBXFileReference; lastKnownFileType = sourcecode.swift; path = WordleApp.swift; sourceTree = "<group>"; };
		63B9B4082EA58ED2008483FB /* AppManager.swift */ = {isa = PBXFileReference; lastKnownFileType = sourcecode.swift; path = AppManager.swift; sourceTree = "<group>"; };
		63B9B4092EA58ED2008483FB /* AppObjects.swift */ = {isa = PBXFileReference; lastKnownFileType = sourcecode.swift; path = AppObjects.swift; sourceTree = "<group>"; };
		63B9B40A2EA58ED2008483FB /* DefinitionManager.swift */ = {isa = PBXFileReference; lastKnownFileType = sourcecode.swift; path = DefinitionManager.swift; sourceTree = "<group>"; };
		63B9B40B2EA58ED2008483FB /* GameRecordManager.swift */ = {isa = PBXFileReference; lastKnownFileType = sourcecode.swift; path = GameRecordManager.swift; sourceTree = "<group>"; };
		63B9B40C2EA58ED2008483FB /* Info.plist */ = {isa = PBXFileReference; lastKnownFileType = text.plist.xml; path = Info.plist; sourceTree = "<group>"; };
		63B9B40D2EA58ED2008483FB /* NormalStreakManager.swift */ = {isa = PBXFileReference; lastKnownFileType = sourcecode.swift; path = NormalStreakManager.swift; sourceTree = "<group>"; };
		63B9B40E2EA58ED2008483FB /* NotificationManager.swift */ = {isa = PBXFileReference; lastKnownFileType = sourcecode.swift; path = NotificationManager.swift; sourceTree = "<group>"; };
		63B9B40F2EA58ED2008483FB /* PrivacyInfo.xcprivacy */ = {isa = PBXFileReference; lastKnownFileType = text.xml; path = PrivacyInfo.xcprivacy; sourceTree = "<group>"; };
		63B9B4102EA58ED2008483FB /* ReviewManager.swift */ = {isa = PBXFileReference; lastKnownFileType = sourcecode.swift; path = ReviewManager.swift; sourceTree = "<group>"; };
		63B9B4112EA58ED2008483FB /* StreakManager.swift */ = {isa = PBXFileReference; lastKnownFileType = sourcecode.swift; path = StreakManager.swift; sourceTree = "<group>"; };
		63B9B4122EA58ED2008483FB /* Tips.swift */ = {isa = PBXFileReference; lastKnownFileType = sourcecode.swift; path = Tips.swift; sourceTree = "<group>"; };
		63B9B4132EA58ED2008483FB /* Wordly.entitlements */ = {isa = PBXFileReference; lastKnownFileType = text.plist.entitlements; path = Wordly.entitlements; sourceTree = "<group>"; };
/* End PBXFileReference section */

/* Begin PBXFrameworksBuildPhase section */
		6382E3B92D12FE0500B61353 /* Frameworks */ = {
			isa = PBXFrameworksBuildPhase;
			buildActionMask = 2147483647;
			files = (
				63F225952E53B24100248D30 /* GoogleUserMessagingPlatform in Frameworks */,
				63F697CB2E05A328008B0B6E /* GoogleMobileAds in Frameworks */,
			);
			runOnlyForDeploymentPostprocessing = 0;
		};
/* End PBXFrameworksBuildPhase section */

/* Begin PBXGroup section */
		6382E3B32D12FE0500B61353 = {
			isa = PBXGroup;
			children = (
				63B9B4142EA58ED2008483FB /* Wordly */,
				63B0C64F2E056A710047E4E9 /* Frameworks */,
				6382E3BD2D12FE0500B61353 /* Products */,
			);
			sourceTree = "<group>";
		};
		6382E3BD2D12FE0500B61353 /* Products */ = {
			isa = PBXGroup;
			children = (
				6382E3BC2D12FE0500B61353 /* Wordly.app */,
			);
			name = Products;
			sourceTree = "<group>";
		};
		63B0C64F2E056A710047E4E9 /* Frameworks */ = {
			isa = PBXGroup;
			children = (
				63B0C6502E056A710047E4E9 /* WebKit.framework */,
			);
			name = Frameworks;
			sourceTree = "<group>";
		};
		63B9B3DE2EA58ED2008483FB /* Preview Content */ = {
			isa = PBXGroup;
			children = (
				63B9B3DD2EA58ED2008483FB /* Preview Assets.xcassets */,
			);
			path = "Preview Content";
			sourceTree = "<group>";
		};
		63B9B3E92EA58ED2008483FB /* Resources */ = {
			isa = PBXGroup;
			children = (
				63B9B3E42EA58ED2008483FB /* Localizable.xcstrings */,
				63B9B3E02EA58ED2008483FB /* dailyEnglishWords.json */,
				63B9B3E12EA58ED2008483FB /* dailyNorwegianWords.json */,
				63B9B3E22EA58ED2008483FB /* dailySpanishWords.json */,
				63B9B3E32EA58ED2008483FB /* englishWords.json */,
				63B9B3E52EA58ED2008483FB /* norwegianWords.json */,
				63B9B3E62EA58ED2008483FB /* shortedNorwegainWords.json */,
				63B9B3E72EA58ED2008483FB /* spanishWords.json */,
				63B9B3DF2EA58ED2008483FB /* Assets.xcassets */,
			);
			path = Resources;
			sourceTree = "<group>";
		};
		63B9B3EF2EA58ED2008483FB /* DefinitionViews */ = {
			isa = PBXGroup;
			children = (
				63B9B3EA2EA58ED2008483FB /* EnglishWordDefinitionView.swift */,
				63B9B3EB2EA58ED2008483FB /* NAOBView.swift */,
				63B9B3EC2EA58ED2008483FB /* NorwegianWordDefinitionView.swift */,
				63B9B3ED2EA58ED2008483FB /* SpanishWordDefinitionView.swift */,
				63B9B3EE2EA58ED2008483FB /* WordDefinitionView.swift */,
			);
			path = DefinitionViews;
			sourceTree = "<group>";
		};
		63B9B3F62EA58ED2008483FB /* HistoryAndStatsViews */ = {
			isa = PBXGroup;
			children = (
				63B9B3F42EA58ED2008483FB /* StatsView.swift */,
				63B9B3F52EA58ED2008483FB /* StreakChartView.swift */,
				63B9B3F32EA58ED2008483FB /* HistoryView.swift */,
				63B9B3F22EA58ED2008483FB /* GameRecordView.swift */,
				63B9B3F02EA58ED2008483FB /* BoardView.swift */,
				63B9B3F12EA58ED2008483FB /* FilterView.swift */,
			);
			path = HistoryAndStatsViews;
			sourceTree = "<group>";
		};
		63B9B4002EA58ED2008483FB /* SelectViews */ = {
			isa = PBXGroup;
			children = (
				63B9B3FF2EA58ED2008483FB /* SelectView.swift */,
				63B9B3F92EA58ED2008483FB /* GameView.swift */,
				63B9B3FA2EA58ED2008483FB /* GameView18.swift */,
				63B9B3FB2EA58ED2008483FB /* GameView26.swift */,
				63B9B3FE2EA58ED2008483FB /* SearchView.swift */,
				63B9B3F72EA58ED2008483FB /* FilterOptionsView.swift */,
				63B9B3FC2EA58ED2008483FB /* Info.swift */,
				63B9B3FD2EA58ED2008483FB /* OnboardingView.swift */,
				63B9B3F82EA58ED2008483FB /* GameTile.swift */,
				6344F4FE2EB9500D00948552 /* KeyPress.swift */,
			);
			path = SelectViews;
			sourceTree = "<group>";
		};
		63B9B4032EA58ED2008483FB /* SettingsViews */ = {
			isa = PBXGroup;
			children = (
				63B9B4022EA58ED2008483FB /* SettingsView.swift */,
				63B9B4012EA58ED2008483FB /* NotificationView.swift */,
			);
			path = SettingsViews;
			sourceTree = "<group>";
		};
		63B9B4042EA58ED2008483FB /* Tabs */ = {
			isa = PBXGroup;
			children = (
				63B9B4002EA58ED2008483FB /* SelectViews */,
				63B9B3F62EA58ED2008483FB /* HistoryAndStatsViews */,
				63B9B4032EA58ED2008483FB /* SettingsViews */,
			);
			path = Tabs;
			sourceTree = "<group>";
		};
		63B9B4072EA58ED2008483FB /* Views */ = {
			isa = PBXGroup;
			children = (
				63B9B4062EA58ED2008483FB /* WordleApp.swift */,
				63B9B4052EA58ED2008483FB /* TabsView.swift */,
				63B9B4042EA58ED2008483FB /* Tabs */,
				63B9B3EF2EA58ED2008483FB /* DefinitionViews */,
			);
			path = Views;
			sourceTree = "<group>";
		};
		63B9B4142EA58ED2008483FB /* Wordly */ = {
			isa = PBXGroup;
			children = (
				63B9B4092EA58ED2008483FB /* AppObjects.swift */,
				63B9B4082EA58ED2008483FB /* AppManager.swift */,
				63B9B40A2EA58ED2008483FB /* DefinitionManager.swift */,
				63B9B40B2EA58ED2008483FB /* GameRecordManager.swift */,
				63B9B40D2EA58ED2008483FB /* NormalStreakManager.swift */,
				63B9B40E2EA58ED2008483FB /* NotificationManager.swift */,
				63B9B4102EA58ED2008483FB /* ReviewManager.swift */,
				63B9B4112EA58ED2008483FB /* StreakManager.swift */,
				63B9B4122EA58ED2008483FB /* Tips.swift */,
				63B9B4072EA58ED2008483FB /* Views */,
				63B9B3E92EA58ED2008483FB /* Resources */,
				63B9B3DE2EA58ED2008483FB /* Preview Content */,
				63B9B4132EA58ED2008483FB /* Wordly.entitlements */,
				63B9B40F2EA58ED2008483FB /* PrivacyInfo.xcprivacy */,
				63B9B40C2EA58ED2008483FB /* Info.plist */,
			);
			path = Wordly;
			sourceTree = "<group>";
		};
/* End PBXGroup section */

/* Begin PBXNativeTarget section */
		6382E3BB2D12FE0500B61353 /* Wordly */ = {
			isa = PBXNativeTarget;
			buildConfigurationList = 6382E3CB2D12FE0700B61353 /* Build configuration list for PBXNativeTarget "Wordly" */;
			buildPhases = (
				6382E3B82D12FE0500B61353 /* Sources */,
				6382E3B92D12FE0500B61353 /* Frameworks */,
				6382E3BA2D12FE0500B61353 /* Resources */,
			);
			buildRules = (
			);
			dependencies = (
			);
			name = Wordly;
			packageProductDependencies = (
				63F697CA2E05A328008B0B6E /* GoogleMobileAds */,
				63F225942E53B24100248D30 /* GoogleUserMessagingPlatform */,
			);
			productName = Wordle;
			productReference = 6382E3BC2D12FE0500B61353 /* Wordly.app */;
			productType = "com.apple.product-type.application";
		};
/* End PBXNativeTarget section */

/* Begin PBXProject section */
		6382E3B42D12FE0500B61353 /* Project object */ = {
			isa = PBXProject;
			attributes = {
				BuildIndependentTargetsInParallel = 1;
				LastSwiftUpdateCheck = 1620;
				LastUpgradeCheck = 2600;
				TargetAttributes = {
					6382E3BB2D12FE0500B61353 = {
						CreatedOnToolsVersion = 16.2;
					};
				};
			};
			buildConfigurationList = 6382E3B72D12FE0500B61353 /* Build configuration list for PBXProject "Wordly" */;
			developmentRegion = en;
			hasScannedForEncodings = 0;
			knownRegions = (
				en,
				Base,
				nb,
				es,
			);
			mainGroup = 6382E3B32D12FE0500B61353;
			minimizedProjectReferenceProxies = 1;
			packageReferences = (
				63F697C92E05A328008B0B6E /* XCRemoteSwiftPackageReference "swift-package-manager-google-mobile-ads" */,
				63F225932E53B24100248D30 /* XCRemoteSwiftPackageReference "swift-package-manager-google-user-messaging-platform" */,
			);
			preferredProjectObjectVersion = 77;
			productRefGroup = 6382E3BD2D12FE0500B61353 /* Products */;
			projectDirPath = "";
			projectRoot = "";
			targets = (
				6382E3BB2D12FE0500B61353 /* Wordly */,
			);
		};
/* End PBXProject section */

/* Begin PBXResourcesBuildPhase section */
		6382E3BA2D12FE0500B61353 /* Resources */ = {
			isa = PBXResourcesBuildPhase;
			buildActionMask = 2147483647;
			files = (
				63B9B4362EA58ED2008483FB /* dailyNorwegianWords.json in Resources */,
				63B9B4372EA58ED2008483FB /* Preview Assets.xcassets in Resources */,
				63B9B4382EA58ED2008483FB /* norwegianWords.json in Resources */,
				63B9B4392EA58ED2008483FB /* spanishWords.json in Resources */,
				63B9B43A2EA58ED2008483FB /* englishWords.json in Resources */,
				63B9B43B2EA58ED2008483FB /* dailySpanishWords.json in Resources */,
				63B9B43C2EA58ED2008483FB /* Assets.xcassets in Resources */,
				63B9B43F2EA58ED2008483FB /* PrivacyInfo.xcprivacy in Resources */,
				63B9B4402EA58ED2008483FB /* dailyEnglishWords.json in Resources */,
				63B9B4412EA58ED2008483FB /* Localizable.xcstrings in Resources */,
				63B9B4422EA58ED2008483FB /* shortedNorwegainWords.json in Resources */,
			);
			runOnlyForDeploymentPostprocessing = 0;
		};
/* End PBXResourcesBuildPhase section */

/* Begin PBXSourcesBuildPhase section */
		6382E3B82D12FE0500B61353 /* Sources */ = {
			isa = PBXSourcesBuildPhase;
			buildActionMask = 2147483647;
			files = (
				63B9B4152EA58ED2008483FB /* FilterOptionsView.swift in Sources */,
				63B9B4162EA58ED2008483FB /* GameTile.swift in Sources */,
				63B9B4172EA58ED2008483FB /* NotificationManager.swift in Sources */,
				6344F4FF2EB9502300948552 /* KeyPress.swift in Sources */,
				63B9B4182EA58ED2008483FB /* GameRecordView.swift in Sources */,
				63B9B4192EA58ED2008483FB /* SpanishWordDefinitionView.swift in Sources */,
				63B9B41A2EA58ED2008483FB /* NotificationView.swift in Sources */,
				63B9B41B2EA58ED2008483FB /* BoardView.swift in Sources */,
				63B9B41C2EA58ED2008483FB /* GameView26.swift in Sources */,
				63B9B41D2EA58ED2008483FB /* WordDefinitionView.swift in Sources */,
				63B9B41E2EA58ED2008483FB /* ReviewManager.swift in Sources */,
				63B9B41F2EA58ED2008483FB /* GameRecordManager.swift in Sources */,
				63B9B4202EA58ED2008483FB /* NorwegianWordDefinitionView.swift in Sources */,
				63B9B4212EA58ED2008483FB /* EnglishWordDefinitionView.swift in Sources */,
				63B9B4222EA58ED2008483FB /* SettingsView.swift in Sources */,
				63B9B4232EA58ED2008483FB /* SearchView.swift in Sources */,
				63B9B4242EA58ED2008483FB /* WordleApp.swift in Sources */,
				63B9B4252EA58ED2008483FB /* GameView18.swift in Sources */,
				63B9B4262EA58ED2008483FB /* DefinitionManager.swift in Sources */,
				63B9B4272EA58ED2008483FB /* NAOBView.swift in Sources */,
				63B9B4282EA58ED2008483FB /* GameView.swift in Sources */,
				63B9B4292EA58ED2008483FB /* AppManager.swift in Sources */,
				63B9B42A2EA58ED2008483FB /* NormalStreakManager.swift in Sources */,
				63B9B42B2EA58ED2008483FB /* AppObjects.swift in Sources */,
				63B9B42C2EA58ED2008483FB /* TabsView.swift in Sources */,
				63B9B42D2EA58ED2008483FB /* StatsView.swift in Sources */,
				63B9B42E2EA58ED2008483FB /* SelectView.swift in Sources */,
				63B9B42F2EA58ED2008483FB /* HistoryView.swift in Sources */,
				63B9B4302EA58ED2008483FB /* StreakManager.swift in Sources */,
				63B9B4312EA58ED2008483FB /* FilterView.swift in Sources */,
				63B9B4322EA58ED2008483FB /* Info.swift in Sources */,
				63B9B4332EA58ED2008483FB /* Tips.swift in Sources */,
				63B9B4342EA58ED2008483FB /* OnboardingView.swift in Sources */,
				63B9B4352EA58ED2008483FB /* StreakChartView.swift in Sources */,
			);
			runOnlyForDeploymentPostprocessing = 0;
		};
/* End PBXSourcesBuildPhase section */

/* Begin XCBuildConfiguration section */
		6382E3C92D12FE0700B61353 /* Debug */ = {
			isa = XCBuildConfiguration;
			buildSettings = {
				ALWAYS_SEARCH_USER_PATHS = NO;
				ASSETCATALOG_COMPILER_GENERATE_SWIFT_ASSET_SYMBOL_EXTENSIONS = YES;
				CLANG_ANALYZER_LOCALIZABILITY_NONLOCALIZED = YES;
				CLANG_ANALYZER_NONNULL = YES;
				CLANG_ANALYZER_NUMBER_OBJECT_CONVERSION = YES_AGGRESSIVE;
				CLANG_CXX_LANGUAGE_STANDARD = "gnu++20";
				CLANG_ENABLE_MODULES = YES;
				CLANG_ENABLE_OBJC_ARC = YES;
				CLANG_ENABLE_OBJC_WEAK = YES;
				CLANG_WARN_BLOCK_CAPTURE_AUTORELEASING = YES;
				CLANG_WARN_BOOL_CONVERSION = YES;
				CLANG_WARN_COMMA = YES;
				CLANG_WARN_CONSTANT_CONVERSION = YES;
				CLANG_WARN_DEPRECATED_OBJC_IMPLEMENTATIONS = YES;
				CLANG_WARN_DIRECT_OBJC_ISA_USAGE = YES_ERROR;
				CLANG_WARN_DOCUMENTATION_COMMENTS = YES;
				CLANG_WARN_EMPTY_BODY = YES;
				CLANG_WARN_ENUM_CONVERSION = YES;
				CLANG_WARN_INFINITE_RECURSION = YES;
				CLANG_WARN_INT_CONVERSION = YES;
				CLANG_WARN_NON_LITERAL_NULL_CONVERSION = YES;
				CLANG_WARN_OBJC_IMPLICIT_RETAIN_SELF = YES;
				CLANG_WARN_OBJC_LITERAL_CONVERSION = YES;
				CLANG_WARN_OBJC_ROOT_CLASS = YES_ERROR;
				CLANG_WARN_QUOTED_INCLUDE_IN_FRAMEWORK_HEADER = YES;
				CLANG_WARN_RANGE_LOOP_ANALYSIS = YES;
				CLANG_WARN_STRICT_PROTOTYPES = YES;
				CLANG_WARN_SUSPICIOUS_MOVE = YES;
				CLANG_WARN_UNGUARDED_AVAILABILITY = YES_AGGRESSIVE;
				CLANG_WARN_UNREACHABLE_CODE = YES;
				CLANG_WARN__DUPLICATE_METHOD_MATCH = YES;
				COPY_PHASE_STRIP = NO;
				DEAD_CODE_STRIPPING = YES;
				DEBUG_INFORMATION_FORMAT = dwarf;
				DEVELOPMENT_TEAM = B3ZSP6T559;
				ENABLE_STRICT_OBJC_MSGSEND = YES;
				ENABLE_TESTABILITY = YES;
				ENABLE_USER_SCRIPT_SANDBOXING = YES;
				GCC_C_LANGUAGE_STANDARD = gnu17;
				GCC_DYNAMIC_NO_PIC = NO;
				GCC_NO_COMMON_BLOCKS = YES;
				GCC_OPTIMIZATION_LEVEL = 0;
				GCC_PREPROCESSOR_DEFINITIONS = (
					"DEBUG=1",
					"$(inherited)",
				);
				GCC_WARN_64_TO_32_BIT_CONVERSION = YES;
				GCC_WARN_ABOUT_RETURN_TYPE = YES_ERROR;
				GCC_WARN_UNDECLARED_SELECTOR = YES;
				GCC_WARN_UNINITIALIZED_AUTOS = YES_AGGRESSIVE;
				GCC_WARN_UNUSED_FUNCTION = YES;
				GCC_WARN_UNUSED_VARIABLE = YES;
				LOCALIZATION_PREFERS_STRING_CATALOGS = YES;
				MTL_ENABLE_DEBUG_INFO = INCLUDE_SOURCE;
				MTL_FAST_MATH = YES;
				ONLY_ACTIVE_ARCH = YES;
				STRING_CATALOG_GENERATE_SYMBOLS = YES;
				SWIFT_ACTIVE_COMPILATION_CONDITIONS = "DEBUG $(inherited)";
				SWIFT_EMIT_LOC_STRINGS = YES;
				SWIFT_OPTIMIZATION_LEVEL = "-Onone";
			};
			name = Debug;
		};
		6382E3CA2D12FE0700B61353 /* Release */ = {
			isa = XCBuildConfiguration;
			buildSettings = {
				ALWAYS_SEARCH_USER_PATHS = NO;
				ASSETCATALOG_COMPILER_GENERATE_SWIFT_ASSET_SYMBOL_EXTENSIONS = YES;
				CLANG_ANALYZER_LOCALIZABILITY_NONLOCALIZED = YES;
				CLANG_ANALYZER_NONNULL = YES;
				CLANG_ANALYZER_NUMBER_OBJECT_CONVERSION = YES_AGGRESSIVE;
				CLANG_CXX_LANGUAGE_STANDARD = "gnu++20";
				CLANG_ENABLE_MODULES = YES;
				CLANG_ENABLE_OBJC_ARC = YES;
				CLANG_ENABLE_OBJC_WEAK = YES;
				CLANG_WARN_BLOCK_CAPTURE_AUTORELEASING = YES;
				CLANG_WARN_BOOL_CONVERSION = YES;
				CLANG_WARN_COMMA = YES;
				CLANG_WARN_CONSTANT_CONVERSION = YES;
				CLANG_WARN_DEPRECATED_OBJC_IMPLEMENTATIONS = YES;
				CLANG_WARN_DIRECT_OBJC_ISA_USAGE = YES_ERROR;
				CLANG_WARN_DOCUMENTATION_COMMENTS = YES;
				CLANG_WARN_EMPTY_BODY = YES;
				CLANG_WARN_ENUM_CONVERSION = YES;
				CLANG_WARN_INFINITE_RECURSION = YES;
				CLANG_WARN_INT_CONVERSION = YES;
				CLANG_WARN_NON_LITERAL_NULL_CONVERSION = YES;
				CLANG_WARN_OBJC_IMPLICIT_RETAIN_SELF = YES;
				CLANG_WARN_OBJC_LITERAL_CONVERSION = YES;
				CLANG_WARN_OBJC_ROOT_CLASS = YES_ERROR;
				CLANG_WARN_QUOTED_INCLUDE_IN_FRAMEWORK_HEADER = YES;
				CLANG_WARN_RANGE_LOOP_ANALYSIS = YES;
				CLANG_WARN_STRICT_PROTOTYPES = YES;
				CLANG_WARN_SUSPICIOUS_MOVE = YES;
				CLANG_WARN_UNGUARDED_AVAILABILITY = YES_AGGRESSIVE;
				CLANG_WARN_UNREACHABLE_CODE = YES;
				CLANG_WARN__DUPLICATE_METHOD_MATCH = YES;
				COPY_PHASE_STRIP = NO;
				DEAD_CODE_STRIPPING = YES;
				DEBUG_INFORMATION_FORMAT = "dwarf-with-dsym";
				DEVELOPMENT_TEAM = B3ZSP6T559;
				ENABLE_NS_ASSERTIONS = NO;
				ENABLE_STRICT_OBJC_MSGSEND = YES;
				ENABLE_USER_SCRIPT_SANDBOXING = YES;
				GCC_C_LANGUAGE_STANDARD = gnu17;
				GCC_NO_COMMON_BLOCKS = YES;
				GCC_WARN_64_TO_32_BIT_CONVERSION = YES;
				GCC_WARN_ABOUT_RETURN_TYPE = YES_ERROR;
				GCC_WARN_UNDECLARED_SELECTOR = YES;
				GCC_WARN_UNINITIALIZED_AUTOS = YES_AGGRESSIVE;
				GCC_WARN_UNUSED_FUNCTION = YES;
				GCC_WARN_UNUSED_VARIABLE = YES;
				LOCALIZATION_PREFERS_STRING_CATALOGS = YES;
				MTL_ENABLE_DEBUG_INFO = NO;
				MTL_FAST_MATH = YES;
				STRING_CATALOG_GENERATE_SYMBOLS = YES;
				SWIFT_COMPILATION_MODE = wholemodule;
				SWIFT_EMIT_LOC_STRINGS = YES;
			};
			name = Release;
		};
		6382E3CC2D12FE0700B61353 /* Debug */ = {
			isa = XCBuildConfiguration;
			buildSettings = {
				ASSETCATALOG_COMPILER_APPICON_NAME = AppIcon;
				ASSETCATALOG_COMPILER_GLOBAL_ACCENT_COLOR_NAME = AccentColor;
				ASSETCATALOG_COMPILER_INCLUDE_ALL_APPICON_ASSETS = YES;
				CODE_SIGN_ENTITLEMENTS = Wordly/Wordly.entitlements;
				CODE_SIGN_STYLE = Automatic;
				CURRENT_PROJECT_VERSION = 1;
				DEAD_CODE_STRIPPING = YES;
				DEVELOPMENT_ASSET_PATHS = "\"Wordly/Preview Content\"";
				ENABLE_APP_SANDBOX = YES;
				ENABLE_HARDENED_RUNTIME = YES;
				ENABLE_PREVIEWS = YES;
				ENABLE_USER_SELECTED_FILES = readonly;
				GENERATE_INFOPLIST_FILE = YES;
				INFOPLIST_FILE = Wordly/Info.plist;
				INFOPLIST_KEY_CFBundleDisplayName = Wordly;
				INFOPLIST_KEY_LSApplicationCategoryType = "public.app-category.word-games";
				INFOPLIST_KEY_NSUserTrackingUsageDescription = "This will be used to deliver personalized ads to you. ";
				"INFOPLIST_KEY_UIApplicationSceneManifest_Generation[sdk=iphoneos*]" = YES;
				"INFOPLIST_KEY_UIApplicationSceneManifest_Generation[sdk=iphonesimulator*]" = YES;
				"INFOPLIST_KEY_UIApplicationSupportsIndirectInputEvents[sdk=iphoneos*]" = YES;
				"INFOPLIST_KEY_UIApplicationSupportsIndirectInputEvents[sdk=iphonesimulator*]" = YES;
				"INFOPLIST_KEY_UILaunchScreen_Generation[sdk=iphoneos*]" = YES;
				"INFOPLIST_KEY_UILaunchScreen_Generation[sdk=iphonesimulator*]" = YES;
				INFOPLIST_KEY_UIStatusBarStyle = "";
				"INFOPLIST_KEY_UIStatusBarStyle[sdk=iphoneos*]" = UIStatusBarStyleDefault;
				"INFOPLIST_KEY_UIStatusBarStyle[sdk=iphonesimulator*]" = UIStatusBarStyleDefault;
				INFOPLIST_KEY_UISupportedInterfaceOrientations = UIInterfaceOrientationPortrait;
				INFOPLIST_KEY_UISupportedInterfaceOrientations_iPad = "UIInterfaceOrientationLandscapeLeft UIInterfaceOrientationLandscapeRight UIInterfaceOrientationPortrait UIInterfaceOrientationPortraitUpsideDown";
				IPHONEOS_DEPLOYMENT_TARGET = 17.0;
				LD_RUNPATH_SEARCH_PATHS = "@executable_path/Frameworks";
				"LD_RUNPATH_SEARCH_PATHS[sdk=macosx*]" = "@executable_path/../Frameworks";
				MACOSX_DEPLOYMENT_TARGET = 15.0;
				MARKETING_VERSION = 2.0.1;
				PRODUCT_BUNDLE_IDENTIFIER = SwoshEB.ThePhrase;
				PRODUCT_NAME = "$(TARGET_NAME)";
				SDKROOT = auto;
				SUPPORTED_PLATFORMS = "iphoneos iphonesimulator macosx xros xrsimulator";
				SWIFT_EMIT_LOC_STRINGS = YES;
				SWIFT_VERSION = 5.0;
				TARGETED_DEVICE_FAMILY = "1,2,7";
				XROS_DEPLOYMENT_TARGET = 2.0;
			};
			name = Debug;
		};
		6382E3CD2D12FE0700B61353 /* Release */ = {
			isa = XCBuildConfiguration;
			buildSettings = {
				ASSETCATALOG_COMPILER_APPICON_NAME = AppIcon;
				ASSETCATALOG_COMPILER_GLOBAL_ACCENT_COLOR_NAME = AccentColor;
				ASSETCATALOG_COMPILER_INCLUDE_ALL_APPICON_ASSETS = YES;
				CODE_SIGN_ENTITLEMENTS = Wordly/Wordly.entitlements;
				CODE_SIGN_STYLE = Automatic;
				CURRENT_PROJECT_VERSION = 1;
				DEAD_CODE_STRIPPING = YES;
				DEVELOPMENT_ASSET_PATHS = "\"Wordly/Preview Content\"";
				ENABLE_APP_SANDBOX = YES;
				ENABLE_HARDENED_RUNTIME = YES;
				ENABLE_PREVIEWS = YES;
				ENABLE_USER_SELECTED_FILES = readonly;
				GENERATE_INFOPLIST_FILE = YES;
				INFOPLIST_FILE = Wordly/Info.plist;
				INFOPLIST_KEY_CFBundleDisplayName = Wordly;
				INFOPLIST_KEY_LSApplicationCategoryType = "public.app-category.word-games";
				INFOPLIST_KEY_NSUserTrackingUsageDescription = "This will be used to deliver personalized ads to you. ";
				"INFOPLIST_KEY_UIApplicationSceneManifest_Generation[sdk=iphoneos*]" = YES;
				"INFOPLIST_KEY_UIApplicationSceneManifest_Generation[sdk=iphonesimulator*]" = YES;
				"INFOPLIST_KEY_UIApplicationSupportsIndirectInputEvents[sdk=iphoneos*]" = YES;
				"INFOPLIST_KEY_UIApplicationSupportsIndirectInputEvents[sdk=iphonesimulator*]" = YES;
				"INFOPLIST_KEY_UILaunchScreen_Generation[sdk=iphoneos*]" = YES;
				"INFOPLIST_KEY_UILaunchScreen_Generation[sdk=iphonesimulator*]" = YES;
				INFOPLIST_KEY_UIStatusBarStyle = "";
				"INFOPLIST_KEY_UIStatusBarStyle[sdk=iphoneos*]" = UIStatusBarStyleDefault;
				"INFOPLIST_KEY_UIStatusBarStyle[sdk=iphonesimulator*]" = UIStatusBarStyleDefault;
				INFOPLIST_KEY_UISupportedInterfaceOrientations = UIInterfaceOrientationPortrait;
				INFOPLIST_KEY_UISupportedInterfaceOrientations_iPad = "UIInterfaceOrientationLandscapeLeft UIInterfaceOrientationLandscapeRight UIInterfaceOrientationPortrait UIInterfaceOrientationPortraitUpsideDown";
				IPHONEOS_DEPLOYMENT_TARGET = 17.0;
				LD_RUNPATH_SEARCH_PATHS = "@executable_path/Frameworks";
				"LD_RUNPATH_SEARCH_PATHS[sdk=macosx*]" = "@executable_path/../Frameworks";
				MACOSX_DEPLOYMENT_TARGET = 15.0;
				MARKETING_VERSION = 2.0.1;
				PRODUCT_BUNDLE_IDENTIFIER = SwoshEB.ThePhrase;
				PRODUCT_NAME = "$(TARGET_NAME)";
				SDKROOT = auto;
				SUPPORTED_PLATFORMS = "iphoneos iphonesimulator macosx xros xrsimulator";
				SWIFT_EMIT_LOC_STRINGS = YES;
				SWIFT_VERSION = 5.0;
				TARGETED_DEVICE_FAMILY = "1,2,7";
				XROS_DEPLOYMENT_TARGET = 2.0;
			};
			name = Release;
		};
/* End XCBuildConfiguration section */

/* Begin XCConfigurationList section */
		6382E3B72D12FE0500B61353 /* Build configuration list for PBXProject "Wordly" */ = {
			isa = XCConfigurationList;
			buildConfigurations = (
				6382E3C92D12FE0700B61353 /* Debug */,
				6382E3CA2D12FE0700B61353 /* Release */,
			);
			defaultConfigurationIsVisible = 0;
			defaultConfigurationName = Release;
		};
		6382E3CB2D12FE0700B61353 /* Build configuration list for PBXNativeTarget "Wordly" */ = {
			isa = XCConfigurationList;
			buildConfigurations = (
				6382E3CC2D12FE0700B61353 /* Debug */,
				6382E3CD2D12FE0700B61353 /* Release */,
			);
			defaultConfigurationIsVisible = 0;
			defaultConfigurationName = Release;
		};
/* End XCConfigurationList section */

/* Begin XCRemoteSwiftPackageReference section */
		63F225932E53B24100248D30 /* XCRemoteSwiftPackageReference "swift-package-manager-google-user-messaging-platform" */ = {
			isa = XCRemoteSwiftPackageReference;
			repositoryURL = "https://github.com/googleads/swift-package-manager-google-user-messaging-platform.git";
			requirement = {
				kind = upToNextMajorVersion;
				minimumVersion = 3.0.0;
			};
		};
		63F697C92E05A328008B0B6E /* XCRemoteSwiftPackageReference "swift-package-manager-google-mobile-ads" */ = {
			isa = XCRemoteSwiftPackageReference;
			repositoryURL = "https://github.com/googleads/swift-package-manager-google-mobile-ads.git";
			requirement = {
				kind = upToNextMajorVersion;
				minimumVersion = 12.6.0;
			};
		};
/* End XCRemoteSwiftPackageReference section */

/* Begin XCSwiftPackageProductDependency section */
		63F225942E53B24100248D30 /* GoogleUserMessagingPlatform */ = {
			isa = XCSwiftPackageProductDependency;
			package = 63F225932E53B24100248D30 /* XCRemoteSwiftPackageReference "swift-package-manager-google-user-messaging-platform" */;
			productName = GoogleUserMessagingPlatform;
		};
		63F697CA2E05A328008B0B6E /* GoogleMobileAds */ = {
			isa = XCSwiftPackageProductDependency;
			package = 63F697C92E05A328008B0B6E /* XCRemoteSwiftPackageReference "swift-package-manager-google-mobile-ads" */;
			productName = GoogleMobileAds;
		};
/* End XCSwiftPackageProductDependency section */
	};
	rootObject = 6382E3B42D12FE0500B61353 /* Project object */;
}
