// !$*UTF8*$!
{
	archiveVersion = 1;
	classes = {
	};
	objectVersion = 77;
	objects = {

/* Begin PBXBuildFile section */
		6303029D2E135067004CD304 /* NormalStreakManager.swift in Sources */ = {isa = PBXBuildFile; fileRef = 6303029C2E135067004CD304 /* NormalStreakManager.swift */; };
		6310860C2D4040F200AC2C4E /* PrivacyInfo.xcprivacy in Resources */ = {isa = PBXBuildFile; fileRef = 6310860B2D4040F200AC2C4E /* PrivacyInfo.xcprivacy */; };
		631156FD2D5FFA910017D1F4 /* dailyNorwegianWords.json in Resources */ = {isa = PBXBuildFile; fileRef = 631156FC2D5FFA910017D1F4 /* dailyNorwegianWords.json */; };
		631C9D802DFA043A00742B34 /* StatsView.swift in Sources */ = {isa = PBXBuildFile; fileRef = 631C9D7F2DFA043A00742B34 /* StatsView.swift */; };
		631C9D822DFA1BD500742B34 /* StreakManager.swift in Sources */ = {isa = PBXBuildFile; fileRef = 631C9D812DFA1BCE00742B34 /* StreakManager.swift */; };
		6335967E2DFC5A2C004A55C4 /* GameRecordManager.swift in Sources */ = {isa = PBXBuildFile; fileRef = 6335967D2DFC5A2C004A55C4 /* GameRecordManager.swift */; };
		6365B8C12E04C58F00A3F4C1 /* FilterView.swift in Sources */ = {isa = PBXBuildFile; fileRef = 6365B8C02E04C58F00A3F4C1 /* FilterView.swift */; };
		636A16532E19608B00515809 /* Info.swift in Sources */ = {isa = PBXBuildFile; fileRef = 636A16522E19608B00515809 /* Info.swift */; };
		637330892DB9036C00AE18E6 /* englishWords.json in Resources */ = {isa = PBXBuildFile; fileRef = 637330882DB9036C00AE18E6 /* englishWords.json */; };
		6373308B2DB9054400AE18E6 /* dailyEnglishWords.json in Resources */ = {isa = PBXBuildFile; fileRef = 6373308A2DB9053600AE18E6 /* dailyEnglishWords.json */; };
		6378C1C12E12DCF4005B8FC6 /* BoardView.swift in Sources */ = {isa = PBXBuildFile; fileRef = 6378C1C02E12DCF4005B8FC6 /* BoardView.swift */; };
		638274D52DFCC8BE00BD38DA /* NAOBView.swift in Sources */ = {isa = PBXBuildFile; fileRef = 638274D42DFCC8BE00BD38DA /* NAOBView.swift */; };
		63E081E32D3414DA00748133 /* GameView.swift in Sources */ = {isa = PBXBuildFile; fileRef = 63E081D82D3414DA00748133 /* GameView.swift */; };
		63E081E42D3414DA00748133 /* SelectView.swift in Sources */ = {isa = PBXBuildFile; fileRef = 63E081D92D3414DA00748133 /* SelectView.swift */; };
		63E081E52D3414DA00748133 /* SettingsView.swift in Sources */ = {isa = PBXBuildFile; fileRef = 63E081DA2D3414DA00748133 /* SettingsView.swift */; };
		63E081E62D3414DA00748133 /* WordleApp.swift in Sources */ = {isa = PBXBuildFile; fileRef = 63E081DB2D3414DA00748133 /* WordleApp.swift */; };
		63E081E72D3414DA00748133 /* AppManager.swift in Sources */ = {isa = PBXBuildFile; fileRef = 63E081DD2D3414DA00748133 /* AppManager.swift */; };
		63E081E82D3414DA00748133 /* AppObjects.swift in Sources */ = {isa = PBXBuildFile; fileRef = 63E081DE2D3414DA00748133 /* AppObjects.swift */; };
		63E081E92D3414DA00748133 /* Preview Assets.xcassets in Resources */ = {isa = PBXBuildFile; fileRef = 63E081D62D3414DA00748133 /* Preview Assets.xcassets */; };
		63E081EA2D3414DA00748133 /* Assets.xcassets in Resources */ = {isa = PBXBuildFile; fileRef = 63E081DF2D3414DA00748133 /* Assets.xcassets */; };
		63E081EB2D3414DA00748133 /* norwegianWords.json in Resources */ = {isa = PBXBuildFile; fileRef = 63E081E02D3414DA00748133 /* norwegianWords.json */; };
		63E081EF2D3415D400748133 /* Localizable.xcstrings in Resources */ = {isa = PBXBuildFile; fileRef = 63E081EE2D3415D400748133 /* Localizable.xcstrings */; };
		63E081F12D34551A00748133 /* SearchView.swift in Sources */ = {isa = PBXBuildFile; fileRef = 63E081F02D34551A00748133 /* SearchView.swift */; };
		63E081F32D346CB800748133 /* NorwegianWordDefinitionView.swift in Sources */ = {isa = PBXBuildFile; fileRef = 63E081F22D346CB800748133 /* NorwegianWordDefinitionView.swift */; };
		63E41E072E28335C00AA3DF8 /* DefinitionManager.swift in Sources */ = {isa = PBXBuildFile; fileRef = 63E41E062E28335C00AA3DF8 /* DefinitionManager.swift */; };
		63E6B3E32DF5D6B9007C66EB /* FilterOptionsView.swift in Sources */ = {isa = PBXBuildFile; fileRef = 63E6B3E22DF5D6B6007C66EB /* FilterOptionsView.swift */; };
		63F697CB2E05A328008B0B6E /* GoogleMobileAds in Frameworks */ = {isa = PBXBuildFile; productRef = 63F697CA2E05A328008B0B6E /* GoogleMobileAds */; };
		63F987922E01F86400D1B9CB /* HistoryView.swift in Sources */ = {isa = PBXBuildFile; fileRef = 63F987912E01F86400D1B9CB /* HistoryView.swift */; };
		63F987942E02001E00D1B9CB /* GameRecordView.swift in Sources */ = {isa = PBXBuildFile; fileRef = 63F987932E02001E00D1B9CB /* GameRecordView.swift */; };
		63F9D6042D3724E4004E9128 /* shortedNorwegainWords.json in Resources */ = {isa = PBXBuildFile; fileRef = 63F9D6032D3724E4004E9128 /* shortedNorwegainWords.json */; };
		63FF1C742DF728F0003A19B3 /* EnglishWordDefinitionView.swift in Sources */ = {isa = PBXBuildFile; fileRef = 63FF1C732DF728EF003A19B3 /* EnglishWordDefinitionView.swift */; };
		63FF1C762DF72900003A19B3 /* WordDefinitionView.swift in Sources */ = {isa = PBXBuildFile; fileRef = 63FF1C752DF72900003A19B3 /* WordDefinitionView.swift */; };
/* End PBXBuildFile section */

/* Begin PBXFileReference section */
		6303029C2E135067004CD304 /* NormalStreakManager.swift */ = {isa = PBXFileReference; lastKnownFileType = sourcecode.swift; path = NormalStreakManager.swift; sourceTree = "<group>"; };
		6310860B2D4040F200AC2C4E /* PrivacyInfo.xcprivacy */ = {isa = PBXFileReference; lastKnownFileType = text.xml; path = PrivacyInfo.xcprivacy; sourceTree = "<group>"; };
		631156FC2D5FFA910017D1F4 /* dailyNorwegianWords.json */ = {isa = PBXFileReference; lastKnownFileType = text.json; path = dailyNorwegianWords.json; sourceTree = "<group>"; };
		631C9D7F2DFA043A00742B34 /* StatsView.swift */ = {isa = PBXFileReference; lastKnownFileType = sourcecode.swift; path = StatsView.swift; sourceTree = "<group>"; };
		631C9D812DFA1BCE00742B34 /* StreakManager.swift */ = {isa = PBXFileReference; lastKnownFileType = sourcecode.swift; path = StreakManager.swift; sourceTree = "<group>"; };
		6335967D2DFC5A2C004A55C4 /* GameRecordManager.swift */ = {isa = PBXFileReference; lastKnownFileType = sourcecode.swift; path = GameRecordManager.swift; sourceTree = "<group>"; };
		6365B8C02E04C58F00A3F4C1 /* FilterView.swift */ = {isa = PBXFileReference; lastKnownFileType = sourcecode.swift; path = FilterView.swift; sourceTree = "<group>"; };
		636A16522E19608B00515809 /* Info.swift */ = {isa = PBXFileReference; lastKnownFileType = sourcecode.swift; path = Info.swift; sourceTree = "<group>"; };
		637330882DB9036C00AE18E6 /* englishWords.json */ = {isa = PBXFileReference; lastKnownFileType = text.json; path = englishWords.json; sourceTree = "<group>"; };
		6373308A2DB9053600AE18E6 /* dailyEnglishWords.json */ = {isa = PBXFileReference; lastKnownFileType = text.json; path = dailyEnglishWords.json; sourceTree = "<group>"; };
		6378C1C02E12DCF4005B8FC6 /* BoardView.swift */ = {isa = PBXFileReference; lastKnownFileType = sourcecode.swift; path = BoardView.swift; sourceTree = "<group>"; };
		638274D42DFCC8BE00BD38DA /* NAOBView.swift */ = {isa = PBXFileReference; lastKnownFileType = sourcecode.swift; path = NAOBView.swift; sourceTree = "<group>"; };
		6382E3BC2D12FE0500B61353 /* Wordle.app */ = {isa = PBXFileReference; explicitFileType = wrapper.application; includeInIndex = 0; path = Wordle.app; sourceTree = BUILT_PRODUCTS_DIR; };
		63B0C6502E056A710047E4E9 /* WebKit.framework */ = {isa = PBXFileReference; lastKnownFileType = wrapper.framework; name = WebKit.framework; path = Platforms/iPhoneOS.platform/Developer/SDKs/iPhoneOS26.0.sdk/System/Library/Frameworks/WebKit.framework; sourceTree = DEVELOPER_DIR; };
		63E081D62D3414DA00748133 /* Preview Assets.xcassets */ = {isa = PBXFileReference; lastKnownFileType = folder.assetcatalog; path = "Preview Assets.xcassets"; sourceTree = "<group>"; };
		63E081D82D3414DA00748133 /* GameView.swift */ = {isa = PBXFileReference; lastKnownFileType = sourcecode.swift; path = GameView.swift; sourceTree = "<group>"; };
		63E081D92D3414DA00748133 /* SelectView.swift */ = {isa = PBXFileReference; lastKnownFileType = sourcecode.swift; path = SelectView.swift; sourceTree = "<group>"; };
		63E081DA2D3414DA00748133 /* SettingsView.swift */ = {isa = PBXFileReference; lastKnownFileType = sourcecode.swift; path = SettingsView.swift; sourceTree = "<group>"; };
		63E081DB2D3414DA00748133 /* WordleApp.swift */ = {isa = PBXFileReference; lastKnownFileType = sourcecode.swift; path = WordleApp.swift; sourceTree = "<group>"; };
		63E081DD2D3414DA00748133 /* AppManager.swift */ = {isa = PBXFileReference; lastKnownFileType = sourcecode.swift; path = AppManager.swift; sourceTree = "<group>"; };
		63E081DE2D3414DA00748133 /* AppObjects.swift */ = {isa = PBXFileReference; lastKnownFileType = sourcecode.swift; path = AppObjects.swift; sourceTree = "<group>"; };
		63E081DF2D3414DA00748133 /* Assets.xcassets */ = {isa = PBXFileReference; lastKnownFileType = folder.assetcatalog; path = Assets.xcassets; sourceTree = "<group>"; };
		63E081E02D3414DA00748133 /* norwegianWords.json */ = {isa = PBXFileReference; lastKnownFileType = text.json; path = norwegianWords.json; sourceTree = "<group>"; };
		63E081E12D3414DA00748133 /* Wordle.entitlements */ = {isa = PBXFileReference; lastKnownFileType = text.plist.entitlements; path = Wordle.entitlements; sourceTree = "<group>"; };
		63E081EE2D3415D400748133 /* Localizable.xcstrings */ = {isa = PBXFileReference; lastKnownFileType = text.json.xcstrings; path = Localizable.xcstrings; sourceTree = "<group>"; };
		63E081F02D34551A00748133 /* SearchView.swift */ = {isa = PBXFileReference; lastKnownFileType = sourcecode.swift; path = SearchView.swift; sourceTree = "<group>"; };
		63E081F22D346CB800748133 /* NorwegianWordDefinitionView.swift */ = {isa = PBXFileReference; lastKnownFileType = sourcecode.swift; path = NorwegianWordDefinitionView.swift; sourceTree = "<group>"; };
		63E41E062E28335C00AA3DF8 /* DefinitionManager.swift */ = {isa = PBXFileReference; lastKnownFileType = sourcecode.swift; path = DefinitionManager.swift; sourceTree = "<group>"; };
		63E6B3E22DF5D6B6007C66EB /* FilterOptionsView.swift */ = {isa = PBXFileReference; lastKnownFileType = sourcecode.swift; path = FilterOptionsView.swift; sourceTree = "<group>"; };
		63F697CC2E05A515008B0B6E /* Info.plist */ = {isa = PBXFileReference; lastKnownFileType = text.plist; path = Info.plist; sourceTree = "<group>"; };
		63F987912E01F86400D1B9CB /* HistoryView.swift */ = {isa = PBXFileReference; lastKnownFileType = sourcecode.swift; path = HistoryView.swift; sourceTree = "<group>"; };
		63F987932E02001E00D1B9CB /* GameRecordView.swift */ = {isa = PBXFileReference; lastKnownFileType = sourcecode.swift; path = GameRecordView.swift; sourceTree = "<group>"; };
		63F9D6032D3724E4004E9128 /* shortedNorwegainWords.json */ = {isa = PBXFileReference; lastKnownFileType = text.json; path = shortedNorwegainWords.json; sourceTree = "<group>"; };
		63FF1C732DF728EF003A19B3 /* EnglishWordDefinitionView.swift */ = {isa = PBXFileReference; lastKnownFileType = sourcecode.swift; path = EnglishWordDefinitionView.swift; sourceTree = "<group>"; };
		63FF1C752DF72900003A19B3 /* WordDefinitionView.swift */ = {isa = PBXFileReference; lastKnownFileType = sourcecode.swift; path = WordDefinitionView.swift; sourceTree = "<group>"; };
/* End PBXFileReference section */

/* Begin PBXFrameworksBuildPhase section */
		6382E3B92D12FE0500B61353 /* Frameworks */ = {
			isa = PBXFrameworksBuildPhase;
			buildActionMask = 2147483647;
			files = (
				63F697CB2E05A328008B0B6E /* GoogleMobileAds in Frameworks */,
			);
			runOnlyForDeploymentPostprocessing = 0;
		};
/* End PBXFrameworksBuildPhase section */

/* Begin PBXGroup section */
		6365B8BB2E04C42E00A3F4C1 /* Tabs */ = {
			isa = PBXGroup;
			children = (
				6365B8BC2E04C47100A3F4C1 /* SelectViews */,
				6365B8BF2E04C50800A3F4C1 /* HistoryAndStatsViews */,
				63E081DA2D3414DA00748133 /* SettingsView.swift */,
			);
			path = Tabs;
			sourceTree = "<group>";
		};
		6365B8BC2E04C47100A3F4C1 /* SelectViews */ = {
			isa = PBXGroup;
			children = (
				63E081D92D3414DA00748133 /* SelectView.swift */,
				63E081D82D3414DA00748133 /* GameView.swift */,
				63E081F02D34551A00748133 /* SearchView.swift */,
				63E6B3E22DF5D6B6007C66EB /* FilterOptionsView.swift */,
				636A16522E19608B00515809 /* Info.swift */,
			);
			path = SelectViews;
			sourceTree = "<group>";
		};
		6365B8BD2E04C4A400A3F4C1 /* DefinitionViews */ = {
			isa = PBXGroup;
			children = (
				63FF1C752DF72900003A19B3 /* WordDefinitionView.swift */,
				63E081F22D346CB800748133 /* NorwegianWordDefinitionView.swift */,
				638274D42DFCC8BE00BD38DA /* NAOBView.swift */,
				63FF1C732DF728EF003A19B3 /* EnglishWordDefinitionView.swift */,
			);
			path = DefinitionViews;
			sourceTree = "<group>";
		};
		6365B8BF2E04C50800A3F4C1 /* HistoryAndStatsViews */ = {
			isa = PBXGroup;
			children = (
				631C9D7F2DFA043A00742B34 /* StatsView.swift */,
				63F987912E01F86400D1B9CB /* HistoryView.swift */,
				63F987932E02001E00D1B9CB /* GameRecordView.swift */,
				6378C1C02E12DCF4005B8FC6 /* BoardView.swift */,
				6365B8C02E04C58F00A3F4C1 /* FilterView.swift */,
			);
			path = HistoryAndStatsViews;
			sourceTree = "<group>";
		};
		6382E3B32D12FE0500B61353 = {
			isa = PBXGroup;
			children = (
				63E081E22D3414DA00748133 /* Wordle */,
				63B0C64F2E056A710047E4E9 /* Frameworks */,
				6382E3BD2D12FE0500B61353 /* Products */,
			);
			sourceTree = "<group>";
		};
		6382E3BD2D12FE0500B61353 /* Products */ = {
			isa = PBXGroup;
			children = (
				6382E3BC2D12FE0500B61353 /* Wordle.app */,
			);
			name = Products;
			sourceTree = "<group>";
		};
		63B0C64F2E056A710047E4E9 /* Frameworks */ = {
			isa = PBXGroup;
			children = (
				63B0C6502E056A710047E4E9 /* WebKit.framework */,
			);
			name = Frameworks;
			sourceTree = "<group>";
		};
		63E081D72D3414DA00748133 /* Preview Content */ = {
			isa = PBXGroup;
			children = (
				63E081D62D3414DA00748133 /* Preview Assets.xcassets */,
			);
			path = "Preview Content";
			sourceTree = "<group>";
		};
		63E081DC2D3414DA00748133 /* Views */ = {
			isa = PBXGroup;
			children = (
				63E081DB2D3414DA00748133 /* WordleApp.swift */,
				6365B8BB2E04C42E00A3F4C1 /* Tabs */,
				6365B8BD2E04C4A400A3F4C1 /* DefinitionViews */,
			);
			path = Views;
			sourceTree = "<group>";
		};
		63E081E22D3414DA00748133 /* Wordle */ = {
			isa = PBXGroup;
			children = (
				63F697CC2E05A515008B0B6E /* Info.plist */,
				63E081DE2D3414DA00748133 /* AppObjects.swift */,
				63E081DD2D3414DA00748133 /* AppManager.swift */,
				631C9D812DFA1BCE00742B34 /* StreakManager.swift */,
				6303029C2E135067004CD304 /* NormalStreakManager.swift */,
				6335967D2DFC5A2C004A55C4 /* GameRecordManager.swift */,
				63E41E062E28335C00AA3DF8 /* DefinitionManager.swift */,
				63E081DC2D3414DA00748133 /* Views */,
				63E081ED2D34158100748133 /* Resources */,
				63E081D72D3414DA00748133 /* Preview Content */,
				6310860B2D4040F200AC2C4E /* PrivacyInfo.xcprivacy */,
				63E081E12D3414DA00748133 /* Wordle.entitlements */,
			);
			path = Wordle;
			sourceTree = "<group>";
		};
		63E081ED2D34158100748133 /* Resources */ = {
			isa = PBXGroup;
			children = (
				63E081EE2D3415D400748133 /* Localizable.xcstrings */,
				63F9D6032D3724E4004E9128 /* shortedNorwegainWords.json */,
				631156FC2D5FFA910017D1F4 /* dailyNorwegianWords.json */,
				63E081E02D3414DA00748133 /* norwegianWords.json */,
				6373308A2DB9053600AE18E6 /* dailyEnglishWords.json */,
				637330882DB9036C00AE18E6 /* englishWords.json */,
				63E081DF2D3414DA00748133 /* Assets.xcassets */,
			);
			path = Resources;
			sourceTree = "<group>";
		};
/* End PBXGroup section */

/* Begin PBXNativeTarget section */
		6382E3BB2D12FE0500B61353 /* Wordle */ = {
			isa = PBXNativeTarget;
			buildConfigurationList = 6382E3CB2D12FE0700B61353 /* Build configuration list for PBXNativeTarget "Wordle" */;
			buildPhases = (
				6382E3B82D12FE0500B61353 /* Sources */,
				6382E3B92D12FE0500B61353 /* Frameworks */,
				6382E3BA2D12FE0500B61353 /* Resources */,
			);
			buildRules = (
			);
			dependencies = (
			);
			name = Wordle;
			packageProductDependencies = (
				63F697CA2E05A328008B0B6E /* GoogleMobileAds */,
			);
			productName = Wordle;
			productReference = 6382E3BC2D12FE0500B61353 /* Wordle.app */;
			productType = "com.apple.product-type.application";
		};
/* End PBXNativeTarget section */

/* Begin PBXProject section */
		6382E3B42D12FE0500B61353 /* Project object */ = {
			isa = PBXProject;
			attributes = {
				BuildIndependentTargetsInParallel = 1;
				LastSwiftUpdateCheck = 1620;
				LastUpgradeCheck = 1620;
				TargetAttributes = {
					6382E3BB2D12FE0500B61353 = {
						CreatedOnToolsVersion = 16.2;
					};
				};
			};
			buildConfigurationList = 6382E3B72D12FE0500B61353 /* Build configuration list for PBXProject "Wordle" */;
			developmentRegion = en;
			hasScannedForEncodings = 0;
			knownRegions = (
				en,
				Base,
				nb,
			);
			mainGroup = 6382E3B32D12FE0500B61353;
			minimizedProjectReferenceProxies = 1;
			packageReferences = (
				63F697C92E05A328008B0B6E /* XCRemoteSwiftPackageReference "swift-package-manager-google-mobile-ads" */,
			);
			preferredProjectObjectVersion = 77;
			productRefGroup = 6382E3BD2D12FE0500B61353 /* Products */;
			projectDirPath = "";
			projectRoot = "";
			targets = (
				6382E3BB2D12FE0500B61353 /* Wordle */,
			);
		};
/* End PBXProject section */

/* Begin PBXResourcesBuildPhase section */
		6382E3BA2D12FE0500B61353 /* Resources */ = {
			isa = PBXResourcesBuildPhase;
			buildActionMask = 2147483647;
			files = (
				6310860C2D4040F200AC2C4E /* PrivacyInfo.xcprivacy in Resources */,
				63E081E92D3414DA00748133 /* Preview Assets.xcassets in Resources */,
				637330892DB9036C00AE18E6 /* englishWords.json in Resources */,
				63F9D6042D3724E4004E9128 /* shortedNorwegainWords.json in Resources */,
				631156FD2D5FFA910017D1F4 /* dailyNorwegianWords.json in Resources */,
				63E081EA2D3414DA00748133 /* Assets.xcassets in Resources */,
				63E081EF2D3415D400748133 /* Localizable.xcstrings in Resources */,
				6373308B2DB9054400AE18E6 /* dailyEnglishWords.json in Resources */,
				63E081EB2D3414DA00748133 /* norwegianWords.json in Resources */,
			);
			runOnlyForDeploymentPostprocessing = 0;
		};
/* End PBXResourcesBuildPhase section */

/* Begin PBXSourcesBuildPhase section */
		6382E3B82D12FE0500B61353 /* Sources */ = {
			isa = PBXSourcesBuildPhase;
			buildActionMask = 2147483647;
			files = (
				6303029D2E135067004CD304 /* NormalStreakManager.swift in Sources */,
				636A16532E19608B00515809 /* Info.swift in Sources */,
				6378C1C12E12DCF4005B8FC6 /* BoardView.swift in Sources */,
				63E081E32D3414DA00748133 /* GameView.swift in Sources */,
				63E081E42D3414DA00748133 /* SelectView.swift in Sources */,
				631C9D822DFA1BD500742B34 /* StreakManager.swift in Sources */,
				63E081E52D3414DA00748133 /* SettingsView.swift in Sources */,
				63E081F12D34551A00748133 /* SearchView.swift in Sources */,
				63E41E072E28335C00AA3DF8 /* DefinitionManager.swift in Sources */,
				6335967E2DFC5A2C004A55C4 /* GameRecordManager.swift in Sources */,
				63F987922E01F86400D1B9CB /* HistoryView.swift in Sources */,
				6365B8C12E04C58F00A3F4C1 /* FilterView.swift in Sources */,
				63FF1C762DF72900003A19B3 /* WordDefinitionView.swift in Sources */,
				63E081E62D3414DA00748133 /* WordleApp.swift in Sources */,
				638274D52DFCC8BE00BD38DA /* NAOBView.swift in Sources */,
				63F987942E02001E00D1B9CB /* GameRecordView.swift in Sources */,
				63FF1C742DF728F0003A19B3 /* EnglishWordDefinitionView.swift in Sources */,
				63E6B3E32DF5D6B9007C66EB /* FilterOptionsView.swift in Sources */,
				63E081E72D3414DA00748133 /* AppManager.swift in Sources */,
				63E081E82D3414DA00748133 /* AppObjects.swift in Sources */,
				631C9D802DFA043A00742B34 /* StatsView.swift in Sources */,
				63E081F32D346CB800748133 /* NorwegianWordDefinitionView.swift in Sources */,
			);
			runOnlyForDeploymentPostprocessing = 0;
		};
/* End PBXSourcesBuildPhase section */

/* Begin XCBuildConfiguration section */
		6382E3C92D12FE0700B61353 /* Debug */ = {
			isa = XCBuildConfiguration;
			buildSettings = {
				ALWAYS_SEARCH_USER_PATHS = NO;
				ASSETCATALOG_COMPILER_GENERATE_SWIFT_ASSET_SYMBOL_EXTENSIONS = YES;
				CLANG_ANALYZER_NONNULL = YES;
				CLANG_ANALYZER_NUMBER_OBJECT_CONVERSION = YES_AGGRESSIVE;
				CLANG_CXX_LANGUAGE_STANDARD = "gnu++20";
				CLANG_ENABLE_MODULES = YES;
				CLANG_ENABLE_OBJC_ARC = YES;
				CLANG_ENABLE_OBJC_WEAK = YES;
				CLANG_WARN_BLOCK_CAPTURE_AUTORELEASING = YES;
				CLANG_WARN_BOOL_CONVERSION = YES;
				CLANG_WARN_COMMA = YES;
				CLANG_WARN_CONSTANT_CONVERSION = YES;
				CLANG_WARN_DEPRECATED_OBJC_IMPLEMENTATIONS = YES;
				CLANG_WARN_DIRECT_OBJC_ISA_USAGE = YES_ERROR;
				CLANG_WARN_DOCUMENTATION_COMMENTS = YES;
				CLANG_WARN_EMPTY_BODY = YES;
				CLANG_WARN_ENUM_CONVERSION = YES;
				CLANG_WARN_INFINITE_RECURSION = YES;
				CLANG_WARN_INT_CONVERSION = YES;
				CLANG_WARN_NON_LITERAL_NULL_CONVERSION = YES;
				CLANG_WARN_OBJC_IMPLICIT_RETAIN_SELF = YES;
				CLANG_WARN_OBJC_LITERAL_CONVERSION = YES;
				CLANG_WARN_OBJC_ROOT_CLASS = YES_ERROR;
				CLANG_WARN_QUOTED_INCLUDE_IN_FRAMEWORK_HEADER = YES;
				CLANG_WARN_RANGE_LOOP_ANALYSIS = YES;
				CLANG_WARN_STRICT_PROTOTYPES = YES;
				CLANG_WARN_SUSPICIOUS_MOVE = YES;
				CLANG_WARN_UNGUARDED_AVAILABILITY = YES_AGGRESSIVE;
				CLANG_WARN_UNREACHABLE_CODE = YES;
				CLANG_WARN__DUPLICATE_METHOD_MATCH = YES;
				COPY_PHASE_STRIP = NO;
				DEBUG_INFORMATION_FORMAT = dwarf;
				ENABLE_STRICT_OBJC_MSGSEND = YES;
				ENABLE_TESTABILITY = YES;
				ENABLE_USER_SCRIPT_SANDBOXING = YES;
				GCC_C_LANGUAGE_STANDARD = gnu17;
				GCC_DYNAMIC_NO_PIC = NO;
				GCC_NO_COMMON_BLOCKS = YES;
				GCC_OPTIMIZATION_LEVEL = 0;
				GCC_PREPROCESSOR_DEFINITIONS = (
					"DEBUG=1",
					"$(inherited)",
				);
				GCC_WARN_64_TO_32_BIT_CONVERSION = YES;
				GCC_WARN_ABOUT_RETURN_TYPE = YES_ERROR;
				GCC_WARN_UNDECLARED_SELECTOR = YES;
				GCC_WARN_UNINITIALIZED_AUTOS = YES_AGGRESSIVE;
				GCC_WARN_UNUSED_FUNCTION = YES;
				GCC_WARN_UNUSED_VARIABLE = YES;
				LOCALIZATION_PREFERS_STRING_CATALOGS = YES;
				MTL_ENABLE_DEBUG_INFO = INCLUDE_SOURCE;
				MTL_FAST_MATH = YES;
				ONLY_ACTIVE_ARCH = YES;
				SWIFT_ACTIVE_COMPILATION_CONDITIONS = "DEBUG $(inherited)";
				SWIFT_EMIT_LOC_STRINGS = YES;
				SWIFT_OPTIMIZATION_LEVEL = "-Onone";
			};
			name = Debug;
		};
		6382E3CA2D12FE0700B61353 /* Release */ = {
			isa = XCBuildConfiguration;
			buildSettings = {
				ALWAYS_SEARCH_USER_PATHS = NO;
				ASSETCATALOG_COMPILER_GENERATE_SWIFT_ASSET_SYMBOL_EXTENSIONS = YES;
				CLANG_ANALYZER_NONNULL = YES;
				CLANG_ANALYZER_NUMBER_OBJECT_CONVERSION = YES_AGGRESSIVE;
				CLANG_CXX_LANGUAGE_STANDARD = "gnu++20";
				CLANG_ENABLE_MODULES = YES;
				CLANG_ENABLE_OBJC_ARC = YES;
				CLANG_ENABLE_OBJC_WEAK = YES;
				CLANG_WARN_BLOCK_CAPTURE_AUTORELEASING = YES;
				CLANG_WARN_BOOL_CONVERSION = YES;
				CLANG_WARN_COMMA = YES;
				CLANG_WARN_CONSTANT_CONVERSION = YES;
				CLANG_WARN_DEPRECATED_OBJC_IMPLEMENTATIONS = YES;
				CLANG_WARN_DIRECT_OBJC_ISA_USAGE = YES_ERROR;
				CLANG_WARN_DOCUMENTATION_COMMENTS = YES;
				CLANG_WARN_EMPTY_BODY = YES;
				CLANG_WARN_ENUM_CONVERSION = YES;
				CLANG_WARN_INFINITE_RECURSION = YES;
				CLANG_WARN_INT_CONVERSION = YES;
				CLANG_WARN_NON_LITERAL_NULL_CONVERSION = YES;
				CLANG_WARN_OBJC_IMPLICIT_RETAIN_SELF = YES;
				CLANG_WARN_OBJC_LITERAL_CONVERSION = YES;
				CLANG_WARN_OBJC_ROOT_CLASS = YES_ERROR;
				CLANG_WARN_QUOTED_INCLUDE_IN_FRAMEWORK_HEADER = YES;
				CLANG_WARN_RANGE_LOOP_ANALYSIS = YES;
				CLANG_WARN_STRICT_PROTOTYPES = YES;
				CLANG_WARN_SUSPICIOUS_MOVE = YES;
				CLANG_WARN_UNGUARDED_AVAILABILITY = YES_AGGRESSIVE;
				CLANG_WARN_UNREACHABLE_CODE = YES;
				CLANG_WARN__DUPLICATE_METHOD_MATCH = YES;
				COPY_PHASE_STRIP = NO;
				DEBUG_INFORMATION_FORMAT = "dwarf-with-dsym";
				ENABLE_NS_ASSERTIONS = NO;
				ENABLE_STRICT_OBJC_MSGSEND = YES;
				ENABLE_USER_SCRIPT_SANDBOXING = YES;
				GCC_C_LANGUAGE_STANDARD = gnu17;
				GCC_NO_COMMON_BLOCKS = YES;
				GCC_WARN_64_TO_32_BIT_CONVERSION = YES;
				GCC_WARN_ABOUT_RETURN_TYPE = YES_ERROR;
				GCC_WARN_UNDECLARED_SELECTOR = YES;
				GCC_WARN_UNINITIALIZED_AUTOS = YES_AGGRESSIVE;
				GCC_WARN_UNUSED_FUNCTION = YES;
				GCC_WARN_UNUSED_VARIABLE = YES;
				LOCALIZATION_PREFERS_STRING_CATALOGS = YES;
				MTL_ENABLE_DEBUG_INFO = NO;
				MTL_FAST_MATH = YES;
				SWIFT_COMPILATION_MODE = wholemodule;
				SWIFT_EMIT_LOC_STRINGS = YES;
			};
			name = Release;
		};
		6382E3CC2D12FE0700B61353 /* Debug */ = {
			isa = XCBuildConfiguration;
			buildSettings = {
				ASSETCATALOG_COMPILER_APPICON_NAME = AppIcon;
				ASSETCATALOG_COMPILER_GLOBAL_ACCENT_COLOR_NAME = AccentColor;
				ASSETCATALOG_COMPILER_INCLUDE_ALL_APPICON_ASSETS = NO;
				CODE_SIGN_ENTITLEMENTS = Wordle/Wordle.entitlements;
				CODE_SIGN_STYLE = Automatic;
				CURRENT_PROJECT_VERSION = 1;
				DEVELOPMENT_ASSET_PATHS = "\"Wordle/Preview Content\"";
				DEVELOPMENT_TEAM = B3ZSP6T559;
				ENABLE_HARDENED_RUNTIME = YES;
				ENABLE_PREVIEWS = YES;
				GENERATE_INFOPLIST_FILE = YES;
				INFOPLIST_FILE = Wordle/Info.plist;
				INFOPLIST_KEY_CFBundleDisplayName = "The Phrase";
				INFOPLIST_KEY_LSApplicationCategoryType = "public.app-category.word-games";
				INFOPLIST_KEY_NSUserTrackingUsageDescription = "This will be used to deliver personalized ads to you. ";
				"INFOPLIST_KEY_UIApplicationSceneManifest_Generation[sdk=iphoneos*]" = YES;
				"INFOPLIST_KEY_UIApplicationSceneManifest_Generation[sdk=iphonesimulator*]" = YES;
				"INFOPLIST_KEY_UIApplicationSupportsIndirectInputEvents[sdk=iphoneos*]" = YES;
				"INFOPLIST_KEY_UIApplicationSupportsIndirectInputEvents[sdk=iphonesimulator*]" = YES;
				"INFOPLIST_KEY_UILaunchScreen_Generation[sdk=iphoneos*]" = YES;
				"INFOPLIST_KEY_UILaunchScreen_Generation[sdk=iphonesimulator*]" = YES;
				INFOPLIST_KEY_UIStatusBarStyle = "";
				"INFOPLIST_KEY_UIStatusBarStyle[sdk=iphoneos*]" = UIStatusBarStyleDefault;
				"INFOPLIST_KEY_UIStatusBarStyle[sdk=iphonesimulator*]" = UIStatusBarStyleDefault;
				INFOPLIST_KEY_UISupportedInterfaceOrientations = UIInterfaceOrientationPortrait;
				INFOPLIST_KEY_UISupportedInterfaceOrientations_iPad = "UIInterfaceOrientationLandscapeLeft UIInterfaceOrientationLandscapeRight UIInterfaceOrientationPortrait UIInterfaceOrientationPortraitUpsideDown";
				IPHONEOS_DEPLOYMENT_TARGET = 18.4;
				LD_RUNPATH_SEARCH_PATHS = "@executable_path/Frameworks";
				"LD_RUNPATH_SEARCH_PATHS[sdk=macosx*]" = "@executable_path/../Frameworks";
				MACOSX_DEPLOYMENT_TARGET = 15.2;
				MARKETING_VERSION = 1.9.2;
				PRODUCT_BUNDLE_IDENTIFIER = Melen.ThePhrase;
				PRODUCT_NAME = "$(TARGET_NAME)";
				SDKROOT = auto;
				SUPPORTED_PLATFORMS = "iphoneos iphonesimulator macosx xros xrsimulator";
				SWIFT_EMIT_LOC_STRINGS = YES;
				SWIFT_VERSION = 5.0;
				TARGETED_DEVICE_FAMILY = "1,2,7";
				XROS_DEPLOYMENT_TARGET = 2.2;
			};
			name = Debug;
		};
		6382E3CD2D12FE0700B61353 /* Release */ = {
			isa = XCBuildConfiguration;
			buildSettings = {
				ASSETCATALOG_COMPILER_APPICON_NAME = AppIcon;
				ASSETCATALOG_COMPILER_GLOBAL_ACCENT_COLOR_NAME = AccentColor;
				ASSETCATALOG_COMPILER_INCLUDE_ALL_APPICON_ASSETS = NO;
				CODE_SIGN_ENTITLEMENTS = Wordle/Wordle.entitlements;
				CODE_SIGN_STYLE = Automatic;
				CURRENT_PROJECT_VERSION = 1;
				DEVELOPMENT_ASSET_PATHS = "\"Wordle/Preview Content\"";
				DEVELOPMENT_TEAM = B3ZSP6T559;
				ENABLE_HARDENED_RUNTIME = YES;
				ENABLE_PREVIEWS = YES;
				GENERATE_INFOPLIST_FILE = YES;
				INFOPLIST_FILE = Wordle/Info.plist;
				INFOPLIST_KEY_CFBundleDisplayName = "The Phrase";
				INFOPLIST_KEY_LSApplicationCategoryType = "public.app-category.word-games";
				INFOPLIST_KEY_NSUserTrackingUsageDescription = "This will be used to deliver personalized ads to you. ";
				"INFOPLIST_KEY_UIApplicationSceneManifest_Generation[sdk=iphoneos*]" = YES;
				"INFOPLIST_KEY_UIApplicationSceneManifest_Generation[sdk=iphonesimulator*]" = YES;
				"INFOPLIST_KEY_UIApplicationSupportsIndirectInputEvents[sdk=iphoneos*]" = YES;
				"INFOPLIST_KEY_UIApplicationSupportsIndirectInputEvents[sdk=iphonesimulator*]" = YES;
				"INFOPLIST_KEY_UILaunchScreen_Generation[sdk=iphoneos*]" = YES;
				"INFOPLIST_KEY_UILaunchScreen_Generation[sdk=iphonesimulator*]" = YES;
				INFOPLIST_KEY_UIStatusBarStyle = "";
				"INFOPLIST_KEY_UIStatusBarStyle[sdk=iphoneos*]" = UIStatusBarStyleDefault;
				"INFOPLIST_KEY_UIStatusBarStyle[sdk=iphonesimulator*]" = UIStatusBarStyleDefault;
				INFOPLIST_KEY_UISupportedInterfaceOrientations = UIInterfaceOrientationPortrait;
				INFOPLIST_KEY_UISupportedInterfaceOrientations_iPad = "UIInterfaceOrientationLandscapeLeft UIInterfaceOrientationLandscapeRight UIInterfaceOrientationPortrait UIInterfaceOrientationPortraitUpsideDown";
				IPHONEOS_DEPLOYMENT_TARGET = 18.4;
				LD_RUNPATH_SEARCH_PATHS = "@executable_path/Frameworks";
				"LD_RUNPATH_SEARCH_PATHS[sdk=macosx*]" = "@executable_path/../Frameworks";
				MACOSX_DEPLOYMENT_TARGET = 15.2;
				MARKETING_VERSION = 1.9.2;
				PRODUCT_BUNDLE_IDENTIFIER = Melen.ThePhrase;
				PRODUCT_NAME = "$(TARGET_NAME)";
				SDKROOT = auto;
				SUPPORTED_PLATFORMS = "iphoneos iphonesimulator macosx xros xrsimulator";
				SWIFT_EMIT_LOC_STRINGS = YES;
				SWIFT_VERSION = 5.0;
				TARGETED_DEVICE_FAMILY = "1,2,7";
				XROS_DEPLOYMENT_TARGET = 2.2;
			};
			name = Release;
		};
/* End XCBuildConfiguration section */

/* Begin XCConfigurationList section */
		6382E3B72D12FE0500B61353 /* Build configuration list for PBXProject "Wordle" */ = {
			isa = XCConfigurationList;
			buildConfigurations = (
				6382E3C92D12FE0700B61353 /* Debug */,
				6382E3CA2D12FE0700B61353 /* Release */,
			);
			defaultConfigurationIsVisible = 0;
			defaultConfigurationName = Release;
		};
		6382E3CB2D12FE0700B61353 /* Build configuration list for PBXNativeTarget "Wordle" */ = {
			isa = XCConfigurationList;
			buildConfigurations = (
				6382E3CC2D12FE0700B61353 /* Debug */,
				6382E3CD2D12FE0700B61353 /* Release */,
			);
			defaultConfigurationIsVisible = 0;
			defaultConfigurationName = Release;
		};
/* End XCConfigurationList section */

/* Begin XCRemoteSwiftPackageReference section */
		63F697C92E05A328008B0B6E /* XCRemoteSwiftPackageReference "swift-package-manager-google-mobile-ads" */ = {
			isa = XCRemoteSwiftPackageReference;
			repositoryURL = "https://github.com/googleads/swift-package-manager-google-mobile-ads.git";
			requirement = {
				kind = upToNextMajorVersion;
				minimumVersion = 12.6.0;
			};
		};
/* End XCRemoteSwiftPackageReference section */

/* Begin XCSwiftPackageProductDependency section */
		63F697CA2E05A328008B0B6E /* GoogleMobileAds */ = {
			isa = XCSwiftPackageProductDependency;
			package = 63F697C92E05A328008B0B6E /* XCRemoteSwiftPackageReference "swift-package-manager-google-mobile-ads" */;
			productName = GoogleMobileAds;
		};
/* End XCSwiftPackageProductDependency section */
	};
	rootObject = 6382E3B42D12FE0500B61353 /* Project object */;
}
